// !$*UTF8*$!
{
	archiveVersion = 1;
	classes = {
	};
	objectVersion = 56;
	objects = {

/* Begin PBXBuildFile section */
		9A32B1FC2C635F1B00E902B3 /* AppDelegate.swift in Sources */ = {isa = PBXBuildFile; fileRef = 9A32B1FB2C635F1B00E902B3 /* AppDelegate.swift */; };
		9A32B1FE2C635F1B00E902B3 /* SceneDelegate.swift in Sources */ = {isa = PBXBuildFile; fileRef = 9A32B1FD2C635F1B00E902B3 /* SceneDelegate.swift */; };
		9A32B2032C635F1B00E902B3 /* Base in Resources */ = {isa = PBXBuildFile; fileRef = 9A32B2022C635F1B00E902B3 /* Base */; };
		9A32B2052C635F1D00E902B3 /* Assets.xcassets in Resources */ = {isa = PBXBuildFile; fileRef = 9A32B2042C635F1D00E902B3 /* Assets.xcassets */; };
		9A32B2082C635F1D00E902B3 /* Base in Resources */ = {isa = PBXBuildFile; fileRef = 9A32B2072C635F1D00E902B3 /* Base */; };
		9A32B2102C635F6000E902B3 /* products.json in Resources */ = {isa = PBXBuildFile; fileRef = 9A32B20F2C635F6000E902B3 /* products.json */; };
		9A32B2122C6365A200E902B3 /* ProductProvider.swift in Sources */ = {isa = PBXBuildFile; fileRef = 9A32B2112C6365A200E902B3 /* ProductProvider.swift */; };
		9A32B2142C636D0A00E902B3 /* ProductTableViewCell.swift in Sources */ = {isa = PBXBuildFile; fileRef = 9A32B2132C636D0A00E902B3 /* ProductTableViewCell.swift */; };
		9ADC18B62C64AFA5005B16AE /* Product.swift in Sources */ = {isa = PBXBuildFile; fileRef = 9ADC18B52C64AFA5005B16AE /* Product.swift */; };
		9ADC18B92C64B030005B16AE /* ProductListTableViewController.swift in Sources */ = {isa = PBXBuildFile; fileRef = 9ADC18B82C64B030005B16AE /* ProductListTableViewController.swift */; };
		9ADC18BB2C65DF40005B16AE /* ProductDetailViewController.swift in Sources */ = {isa = PBXBuildFile; fileRef = 9ADC18BA2C65DF40005B16AE /* ProductDetailViewController.swift */; };
		9ADC18BE2C6605C5005B16AE /* ImageProvider.swift in Sources */ = {isa = PBXBuildFile; fileRef = 9ADC18BD2C6605C5005B16AE /* ImageProvider.swift */; };
		9ADC18C02C6618FA005B16AE /* CartManager.swift in Sources */ = {isa = PBXBuildFile; fileRef = 9ADC18BF2C6618FA005B16AE /* CartManager.swift */; };
		9ADC18C32C663758005B16AE /* CartTableViewCell.swift in Sources */ = {isa = PBXBuildFile; fileRef = 9ADC18C22C663758005B16AE /* CartTableViewCell.swift */; };
		9ADC18C52C6638DE005B16AE /* CartViewController.swift in Sources */ = {isa = PBXBuildFile; fileRef = 9ADC18C42C6638DE005B16AE /* CartViewController.swift */; };
		9ADC18C72C66AD47005B16AE /* Constants.swift in Sources */ = {isa = PBXBuildFile; fileRef = 9ADC18C62C66AD47005B16AE /* Constants.swift */; };
/* End PBXBuildFile section */

/* Begin PBXFileReference section */
		9A32B1F82C635F1B00E902B3 /* SleeperUIChallenge.app */ = {isa = PBXFileReference; explicitFileType = wrapper.application; includeInIndex = 0; path = SleeperUIChallenge.app; sourceTree = BUILT_PRODUCTS_DIR; };
		9A32B1FB2C635F1B00E902B3 /* AppDelegate.swift */ = {isa = PBXFileReference; lastKnownFileType = sourcecode.swift; path = AppDelegate.swift; sourceTree = "<group>"; };
		9A32B1FD2C635F1B00E902B3 /* SceneDelegate.swift */ = {isa = PBXFileReference; lastKnownFileType = sourcecode.swift; path = SceneDelegate.swift; sourceTree = "<group>"; };
		9A32B2022C635F1B00E902B3 /* Base */ = {isa = PBXFileReference; lastKnownFileType = file.storyboard; name = Base; path = Base.lproj/Main.storyboard; sourceTree = "<group>"; };
		9A32B2042C635F1D00E902B3 /* Assets.xcassets */ = {isa = PBXFileReference; lastKnownFileType = folder.assetcatalog; path = Assets.xcassets; sourceTree = "<group>"; };
		9A32B2072C635F1D00E902B3 /* Base */ = {isa = PBXFileReference; lastKnownFileType = file.storyboard; name = Base; path = Base.lproj/LaunchScreen.storyboard; sourceTree = "<group>"; };
		9A32B2092C635F1D00E902B3 /* Info.plist */ = {isa = PBXFileReference; lastKnownFileType = text.plist.xml; path = Info.plist; sourceTree = "<group>"; };
		9A32B20F2C635F6000E902B3 /* products.json */ = {isa = PBXFileReference; fileEncoding = 4; lastKnownFileType = text.json; path = products.json; sourceTree = "<group>"; };
		9A32B2112C6365A200E902B3 /* ProductProvider.swift */ = {isa = PBXFileReference; lastKnownFileType = sourcecode.swift; path = ProductProvider.swift; sourceTree = "<group>"; };
		9A32B2132C636D0A00E902B3 /* ProductTableViewCell.swift */ = {isa = PBXFileReference; lastKnownFileType = sourcecode.swift; path = ProductTableViewCell.swift; sourceTree = "<group>"; };
		9ADC18B52C64AFA5005B16AE /* Product.swift */ = {isa = PBXFileReference; lastKnownFileType = sourcecode.swift; path = Product.swift; sourceTree = "<group>"; };
		9ADC18B82C64B030005B16AE /* ProductListTableViewController.swift */ = {isa = PBXFileReference; lastKnownFileType = sourcecode.swift; path = ProductListTableViewController.swift; sourceTree = "<group>"; };
		9ADC18BA2C65DF40005B16AE /* ProductDetailViewController.swift */ = {isa = PBXFileReference; lastKnownFileType = sourcecode.swift; name = ProductDetailViewController.swift; path = SleeperUIChallenge/Controllers/ViewControllers/ProductDetailViewController.swift; sourceTree = SOURCE_ROOT; };
		9ADC18BD2C6605C5005B16AE /* ImageProvider.swift */ = {isa = PBXFileReference; lastKnownFileType = sourcecode.swift; path = ImageProvider.swift; sourceTree = "<group>"; };
		9ADC18BF2C6618FA005B16AE /* CartManager.swift */ = {isa = PBXFileReference; lastKnownFileType = sourcecode.swift; path = CartManager.swift; sourceTree = "<group>"; };
		9ADC18C22C663758005B16AE /* CartTableViewCell.swift */ = {isa = PBXFileReference; lastKnownFileType = sourcecode.swift; path = CartTableViewCell.swift; sourceTree = "<group>"; };
		9ADC18C42C6638DE005B16AE /* CartViewController.swift */ = {isa = PBXFileReference; lastKnownFileType = sourcecode.swift; path = CartViewController.swift; sourceTree = "<group>"; };
		9ADC18C62C66AD47005B16AE /* Constants.swift */ = {isa = PBXFileReference; lastKnownFileType = sourcecode.swift; path = Constants.swift; sourceTree = "<group>"; };
/* End PBXFileReference section */

/* Begin PBXFrameworksBuildPhase section */
		9A32B1F52C635F1B00E902B3 /* Frameworks */ = {
			isa = PBXFrameworksBuildPhase;
			buildActionMask = 2147483647;
			files = (
			);
			runOnlyForDeploymentPostprocessing = 0;
		};
/* End PBXFrameworksBuildPhase section */

/* Begin PBXGroup section */
		9A32B1EF2C635F1B00E902B3 = {
			isa = PBXGroup;
			children = (
				9A32B1FA2C635F1B00E902B3 /* SleeperUIChallenge */,
				9A32B1F92C635F1B00E902B3 /* Products */,
			);
			sourceTree = "<group>";
		};
		9A32B1F92C635F1B00E902B3 /* Products */ = {
			isa = PBXGroup;
			children = (
				9A32B1F82C635F1B00E902B3 /* SleeperUIChallenge.app */,
			);
			name = Products;
			sourceTree = "<group>";
		};
		9A32B1FA2C635F1B00E902B3 /* SleeperUIChallenge */ = {
			isa = PBXGroup;
			children = (
				9A32B1FB2C635F1B00E902B3 /* AppDelegate.swift */,
				9A32B1FD2C635F1B00E902B3 /* SceneDelegate.swift */,
				9ADC18B12C64AF47005B16AE /* Models */,
				9ADC18B22C64AF59005B16AE /* Views */,
				9ADC18B32C64AF61005B16AE /* Controllers */,
				9ADC18B72C64AFFC005B16AE /* Support */,
			);
			path = SleeperUIChallenge;
			sourceTree = "<group>";
		};
		9ADC18B12C64AF47005B16AE /* Models */ = {
			isa = PBXGroup;
			children = (
				9ADC18B52C64AFA5005B16AE /* Product.swift */,
				9ADC18C62C66AD47005B16AE /* Constants.swift */,
			);
			path = Models;
			sourceTree = "<group>";
		};
		9ADC18B22C64AF59005B16AE /* Views */ = {
			isa = PBXGroup;
			children = (
				9ADC18BC2C65DF4E005B16AE /* InterfaceBuilder */,
				9ADC18C12C66373E005B16AE /* TableViewCells */,
			);
			path = Views;
			sourceTree = "<group>";
		};
		9ADC18B32C64AF61005B16AE /* Controllers */ = {
			isa = PBXGroup;
			children = (
				9ADC18BF2C6618FA005B16AE /* CartManager.swift */,
				9ADC18BD2C6605C5005B16AE /* ImageProvider.swift */,
				9A32B2112C6365A200E902B3 /* ProductProvider.swift */,
				9ADC18B42C64AF7B005B16AE /* ViewControllers */,
			);
			path = Controllers;
			sourceTree = "<group>";
		};
		9ADC18B42C64AF7B005B16AE /* ViewControllers */ = {
			isa = PBXGroup;
			children = (
				9ADC18C42C6638DE005B16AE /* CartViewController.swift */,
				9ADC18BA2C65DF40005B16AE /* ProductDetailViewController.swift */,
				9ADC18B82C64B030005B16AE /* ProductListTableViewController.swift */,
			);
			path = ViewControllers;
			sourceTree = "<group>";
		};
		9ADC18B72C64AFFC005B16AE /* Support */ = {
			isa = PBXGroup;
			children = (
				9A32B2042C635F1D00E902B3 /* Assets.xcassets */,
				9A32B2092C635F1D00E902B3 /* Info.plist */,
				9A32B20F2C635F6000E902B3 /* products.json */,
			);
			path = Support;
			sourceTree = "<group>";
		};
		9ADC18BC2C65DF4E005B16AE /* InterfaceBuilder */ = {
			isa = PBXGroup;
			children = (
				9A32B2062C635F1D00E902B3 /* LaunchScreen.storyboard */,
				9A32B2012C635F1B00E902B3 /* Main.storyboard */,
			);
			path = InterfaceBuilder;
			sourceTree = "<group>";
		};
		9ADC18C12C66373E005B16AE /* TableViewCells */ = {
			isa = PBXGroup;
			children = (
				9ADC18C22C663758005B16AE /* CartTableViewCell.swift */,
				9A32B2132C636D0A00E902B3 /* ProductTableViewCell.swift */,
			);
			path = TableViewCells;
			sourceTree = "<group>";
		};
/* End PBXGroup section */

/* Begin PBXNativeTarget section */
		9A32B1F72C635F1B00E902B3 /* SleeperUIChallenge */ = {
			isa = PBXNativeTarget;
			buildConfigurationList = 9A32B20C2C635F1D00E902B3 /* Build configuration list for PBXNativeTarget "SleeperUIChallenge" */;
			buildPhases = (
				9A32B1F42C635F1B00E902B3 /* Sources */,
				9A32B1F52C635F1B00E902B3 /* Frameworks */,
				9A32B1F62C635F1B00E902B3 /* Resources */,
			);
			buildRules = (
			);
			dependencies = (
			);
			name = SleeperUIChallenge;
			productName = SleeperUIChallenge;
			productReference = 9A32B1F82C635F1B00E902B3 /* SleeperUIChallenge.app */;
			productType = "com.apple.product-type.application";
		};
/* End PBXNativeTarget section */

/* Begin PBXProject section */
		9A32B1F02C635F1B00E902B3 /* Project object */ = {
			isa = PBXProject;
			attributes = {
				BuildIndependentTargetsInParallel = 1;
				LastSwiftUpdateCheck = 1540;
				LastUpgradeCheck = 1540;
				TargetAttributes = {
					9A32B1F72C635F1B00E902B3 = {
						CreatedOnToolsVersion = 15.4;
					};
				};
			};
			buildConfigurationList = 9A32B1F32C635F1B00E902B3 /* Build configuration list for PBXProject "SleeperUIChallenge" */;
			compatibilityVersion = "Xcode 14.0";
			developmentRegion = en;
			hasScannedForEncodings = 0;
			knownRegions = (
				en,
				Base,
			);
			mainGroup = 9A32B1EF2C635F1B00E902B3;
			productRefGroup = 9A32B1F92C635F1B00E902B3 /* Products */;
			projectDirPath = "";
			projectRoot = "";
			targets = (
				9A32B1F72C635F1B00E902B3 /* SleeperUIChallenge */,
			);
		};
/* End PBXProject section */

/* Begin PBXResourcesBuildPhase section */
		9A32B1F62C635F1B00E902B3 /* Resources */ = {
			isa = PBXResourcesBuildPhase;
			buildActionMask = 2147483647;
			files = (
				9A32B2052C635F1D00E902B3 /* Assets.xcassets in Resources */,
				9A32B2102C635F6000E902B3 /* products.json in Resources */,
				9A32B2082C635F1D00E902B3 /* Base in Resources */,
				9A32B2032C635F1B00E902B3 /* Base in Resources */,
			);
			runOnlyForDeploymentPostprocessing = 0;
		};
/* End PBXResourcesBuildPhase section */

/* Begin PBXSourcesBuildPhase section */
		9A32B1F42C635F1B00E902B3 /* Sources */ = {
			isa = PBXSourcesBuildPhase;
			buildActionMask = 2147483647;
			files = (
				9A32B2122C6365A200E902B3 /* ProductProvider.swift in Sources */,
				9ADC18C02C6618FA005B16AE /* CartManager.swift in Sources */,
				9A32B2142C636D0A00E902B3 /* ProductTableViewCell.swift in Sources */,
				9ADC18BB2C65DF40005B16AE /* ProductDetailViewController.swift in Sources */,
				9A32B1FC2C635F1B00E902B3 /* AppDelegate.swift in Sources */,
				9ADC18BE2C6605C5005B16AE /* ImageProvider.swift in Sources */,
				9ADC18B92C64B030005B16AE /* ProductListTableViewController.swift in Sources */,
				9ADC18C52C6638DE005B16AE /* CartViewController.swift in Sources */,
				9ADC18C32C663758005B16AE /* CartTableViewCell.swift in Sources */,
				9A32B1FE2C635F1B00E902B3 /* SceneDelegate.swift in Sources */,
				9ADC18B62C64AFA5005B16AE /* Product.swift in Sources */,
				9ADC18C72C66AD47005B16AE /* Constants.swift in Sources */,
			);
			runOnlyForDeploymentPostprocessing = 0;
		};
/* End PBXSourcesBuildPhase section */

/* Begin PBXVariantGroup section */
		9A32B2012C635F1B00E902B3 /* Main.storyboard */ = {
			isa = PBXVariantGroup;
			children = (
				9A32B2022C635F1B00E902B3 /* Base */,
			);
			name = Main.storyboard;
			sourceTree = "<group>";
		};
		9A32B2062C635F1D00E902B3 /* LaunchScreen.storyboard */ = {
			isa = PBXVariantGroup;
			children = (
				9A32B2072C635F1D00E902B3 /* Base */,
			);
			name = LaunchScreen.storyboard;
			sourceTree = "<group>";
		};
/* End PBXVariantGroup section */

/* Begin XCBuildConfiguration section */
		9A32B20A2C635F1D00E902B3 /* Debug */ = {
			isa = XCBuildConfiguration;
			buildSettings = {
				ALWAYS_SEARCH_USER_PATHS = NO;
				ASSETCATALOG_COMPILER_GENERATE_SWIFT_ASSET_SYMBOL_EXTENSIONS = YES;
				CLANG_ANALYZER_NONNULL = YES;
				CLANG_ANALYZER_NUMBER_OBJECT_CONVERSION = YES_AGGRESSIVE;
				CLANG_CXX_LANGUAGE_STANDARD = "gnu++20";
				CLANG_ENABLE_MODULES = YES;
				CLANG_ENABLE_OBJC_ARC = YES;
				CLANG_ENABLE_OBJC_WEAK = YES;
				CLANG_WARN_BLOCK_CAPTURE_AUTORELEASING = YES;
				CLANG_WARN_BOOL_CONVERSION = YES;
				CLANG_WARN_COMMA = YES;
				CLANG_WARN_CONSTANT_CONVERSION = YES;
				CLANG_WARN_DEPRECATED_OBJC_IMPLEMENTATIONS = YES;
				CLANG_WARN_DIRECT_OBJC_ISA_USAGE = YES_ERROR;
				CLANG_WARN_DOCUMENTATION_COMMENTS = YES;
				CLANG_WARN_EMPTY_BODY = YES;
				CLANG_WARN_ENUM_CONVERSION = YES;
				CLANG_WARN_INFINITE_RECURSION = YES;
				CLANG_WARN_INT_CONVERSION = YES;
				CLANG_WARN_NON_LITERAL_NULL_CONVERSION = YES;
				CLANG_WARN_OBJC_IMPLICIT_RETAIN_SELF = YES;
				CLANG_WARN_OBJC_LITERAL_CONVERSION = YES;
				CLANG_WARN_OBJC_ROOT_CLASS = YES_ERROR;
				CLANG_WARN_QUOTED_INCLUDE_IN_FRAMEWORK_HEADER = YES;
				CLANG_WARN_RANGE_LOOP_ANALYSIS = YES;
				CLANG_WARN_STRICT_PROTOTYPES = YES;
				CLANG_WARN_SUSPICIOUS_MOVE = YES;
				CLANG_WARN_UNGUARDED_AVAILABILITY = YES_AGGRESSIVE;
				CLANG_WARN_UNREACHABLE_CODE = YES;
				CLANG_WARN__DUPLICATE_METHOD_MATCH = YES;
				COPY_PHASE_STRIP = NO;
				DEBUG_INFORMATION_FORMAT = dwarf;
				ENABLE_STRICT_OBJC_MSGSEND = YES;
				ENABLE_TESTABILITY = YES;
				ENABLE_USER_SCRIPT_SANDBOXING = YES;
				GCC_C_LANGUAGE_STANDARD = gnu17;
				GCC_DYNAMIC_NO_PIC = NO;
				GCC_NO_COMMON_BLOCKS = YES;
				GCC_OPTIMIZATION_LEVEL = 0;
				GCC_PREPROCESSOR_DEFINITIONS = (
					"DEBUG=1",
					"$(inherited)",
				);
				GCC_WARN_64_TO_32_BIT_CONVERSION = YES;
				GCC_WARN_ABOUT_RETURN_TYPE = YES_ERROR;
				GCC_WARN_UNDECLARED_SELECTOR = YES;
				GCC_WARN_UNINITIALIZED_AUTOS = YES_AGGRESSIVE;
				GCC_WARN_UNUSED_FUNCTION = YES;
				GCC_WARN_UNUSED_VARIABLE = YES;
				IPHONEOS_DEPLOYMENT_TARGET = 17.5;
				LOCALIZATION_PREFERS_STRING_CATALOGS = YES;
				MTL_ENABLE_DEBUG_INFO = INCLUDE_SOURCE;
				MTL_FAST_MATH = YES;
				ONLY_ACTIVE_ARCH = YES;
				SDKROOT = iphoneos;
				SWIFT_ACTIVE_COMPILATION_CONDITIONS = "DEBUG $(inherited)";
				SWIFT_OPTIMIZATION_LEVEL = "-Onone";
			};
			name = Debug;
		};
		9A32B20B2C635F1D00E902B3 /* Release */ = {
			isa = XCBuildConfiguration;
			buildSettings = {
				ALWAYS_SEARCH_USER_PATHS = NO;
				ASSETCATALOG_COMPILER_GENERATE_SWIFT_ASSET_SYMBOL_EXTENSIONS = YES;
				CLANG_ANALYZER_NONNULL = YES;
				CLANG_ANALYZER_NUMBER_OBJECT_CONVERSION = YES_AGGRESSIVE;
				CLANG_CXX_LANGUAGE_STANDARD = "gnu++20";
				CLANG_ENABLE_MODULES = YES;
				CLANG_ENABLE_OBJC_ARC = YES;
				CLANG_ENABLE_OBJC_WEAK = YES;
				CLANG_WARN_BLOCK_CAPTURE_AUTORELEASING = YES;
				CLANG_WARN_BOOL_CONVERSION = YES;
				CLANG_WARN_COMMA = YES;
				CLANG_WARN_CONSTANT_CONVERSION = YES;
				CLANG_WARN_DEPRECATED_OBJC_IMPLEMENTATIONS = YES;
				CLANG_WARN_DIRECT_OBJC_ISA_USAGE = YES_ERROR;
				CLANG_WARN_DOCUMENTATION_COMMENTS = YES;
				CLANG_WARN_EMPTY_BODY = YES;
				CLANG_WARN_ENUM_CONVERSION = YES;
				CLANG_WARN_INFINITE_RECURSION = YES;
				CLANG_WARN_INT_CONVERSION = YES;
				CLANG_WARN_NON_LITERAL_NULL_CONVERSION = YES;
				CLANG_WARN_OBJC_IMPLICIT_RETAIN_SELF = YES;
				CLANG_WARN_OBJC_LITERAL_CONVERSION = YES;
				CLANG_WARN_OBJC_ROOT_CLASS = YES_ERROR;
				CLANG_WARN_QUOTED_INCLUDE_IN_FRAMEWORK_HEADER = YES;
				CLANG_WARN_RANGE_LOOP_ANALYSIS = YES;
				CLANG_WARN_STRICT_PROTOTYPES = YES;
				CLANG_WARN_SUSPICIOUS_MOVE = YES;
				CLANG_WARN_UNGUARDED_AVAILABILITY = YES_AGGRESSIVE;
				CLANG_WARN_UNREACHABLE_CODE = YES;
				CLANG_WARN__DUPLICATE_METHOD_MATCH = YES;
				COPY_PHASE_STRIP = NO;
				DEBUG_INFORMATION_FORMAT = "dwarf-with-dsym";
				ENABLE_NS_ASSERTIONS = NO;
				ENABLE_STRICT_OBJC_MSGSEND = YES;
				ENABLE_USER_SCRIPT_SANDBOXING = YES;
				GCC_C_LANGUAGE_STANDARD = gnu17;
				GCC_NO_COMMON_BLOCKS = YES;
				GCC_WARN_64_TO_32_BIT_CONVERSION = YES;
				GCC_WARN_ABOUT_RETURN_TYPE = YES_ERROR;
				GCC_WARN_UNDECLARED_SELECTOR = YES;
				GCC_WARN_UNINITIALIZED_AUTOS = YES_AGGRESSIVE;
				GCC_WARN_UNUSED_FUNCTION = YES;
				GCC_WARN_UNUSED_VARIABLE = YES;
				IPHONEOS_DEPLOYMENT_TARGET = 17.5;
				LOCALIZATION_PREFERS_STRING_CATALOGS = YES;
				MTL_ENABLE_DEBUG_INFO = NO;
				MTL_FAST_MATH = YES;
				SDKROOT = iphoneos;
				SWIFT_COMPILATION_MODE = wholemodule;
				VALIDATE_PRODUCT = YES;
			};
			name = Release;
		};
		9A32B20D2C635F1D00E902B3 /* Debug */ = {
			isa = XCBuildConfiguration;
			buildSettings = {
				ASSETCATALOG_COMPILER_APPICON_NAME = AppIcon;
				ASSETCATALOG_COMPILER_GLOBAL_ACCENT_COLOR_NAME = AccentColor;
				CODE_SIGN_STYLE = Automatic;
				CURRENT_PROJECT_VERSION = 1;
				DEVELOPMENT_TEAM = N2SGMRCH23;
				GENERATE_INFOPLIST_FILE = YES;
				INFOPLIST_FILE = SleeperUIChallenge/Support/Info.plist;
				INFOPLIST_KEY_UIApplicationSupportsIndirectInputEvents = YES;
				INFOPLIST_KEY_UILaunchStoryboardName = LaunchScreen;
				INFOPLIST_KEY_UIMainStoryboardFile = Main;
				INFOPLIST_KEY_UISupportedInterfaceOrientations_iPad = "UIInterfaceOrientationPortrait UIInterfaceOrientationPortraitUpsideDown UIInterfaceOrientationLandscapeLeft UIInterfaceOrientationLandscapeRight";
				INFOPLIST_KEY_UISupportedInterfaceOrientations_iPhone = "UIInterfaceOrientationPortrait UIInterfaceOrientationLandscapeLeft UIInterfaceOrientationLandscapeRight";
				LD_RUNPATH_SEARCH_PATHS = (
					"$(inherited)",
					"@executable_path/Frameworks",
				);
				MARKETING_VERSION = 1.0;
				PRODUCT_BUNDLE_IDENTIFIER = com.davidseitzjr.SleeperUIChallenge;
				PRODUCT_NAME = "$(TARGET_NAME)";
				SWIFT_EMIT_LOC_STRINGS = YES;
				SWIFT_VERSION = 5.0;
				TARGETED_DEVICE_FAMILY = "1,2";
			};
			name = Debug;
		};
		9A32B20E2C635F1D00E902B3 /* Release */ = {
			isa = XCBuildConfiguration;
			buildSettings = {
				ASSETCATALOG_COMPILER_APPICON_NAME = AppIcon;
				ASSETCATALOG_COMPILER_GLOBAL_ACCENT_COLOR_NAME = AccentColor;
				CODE_SIGN_STYLE = Automatic;
				CURRENT_PROJECT_VERSION = 1;
				DEVELOPMENT_TEAM = N2SGMRCH23;
				GENERATE_INFOPLIST_FILE = YES;
				INFOPLIST_FILE = SleeperUIChallenge/Support/Info.plist;
				INFOPLIST_KEY_UIApplicationSupportsIndirectInputEvents = YES;
				INFOPLIST_KEY_UILaunchStoryboardName = LaunchScreen;
				INFOPLIST_KEY_UIMainStoryboardFile = Main;
				INFOPLIST_KEY_UISupportedInterfaceOrientations_iPad = "UIInterfaceOrientationPortrait UIInterfaceOrientationPortraitUpsideDown UIInterfaceOrientationLandscapeLeft UIInterfaceOrientationLandscapeRight";
				INFOPLIST_KEY_UISupportedInterfaceOrientations_iPhone = "UIInterfaceOrientationPortrait UIInterfaceOrientationLandscapeLeft UIInterfaceOrientationLandscapeRight";
				LD_RUNPATH_SEARCH_PATHS = (
					"$(inherited)",
					"@executable_path/Frameworks",
				);
				MARKETING_VERSION = 1.0;
				PRODUCT_BUNDLE_IDENTIFIER = com.davidseitzjr.SleeperUIChallenge;
				PRODUCT_NAME = "$(TARGET_NAME)";
				SWIFT_EMIT_LOC_STRINGS = YES;
				SWIFT_VERSION = 5.0;
				TARGETED_DEVICE_FAMILY = "1,2";
			};
			name = Release;
		};
/* End XCBuildConfiguration section */

/* Begin XCConfigurationList section */
		9A32B1F32C635F1B00E902B3 /* Build configuration list for PBXProject "SleeperUIChallenge" */ = {
			isa = XCConfigurationList;
			buildConfigurations = (
				9A32B20A2C635F1D00E902B3 /* Debug */,
				9A32B20B2C635F1D00E902B3 /* Release */,
			);
			defaultConfigurationIsVisible = 0;
			defaultConfigurationName = Release;
		};
		9A32B20C2C635F1D00E902B3 /* Build configuration list for PBXNativeTarget "SleeperUIChallenge" */ = {
			isa = XCConfigurationList;
			buildConfigurations = (
				9A32B20D2C635F1D00E902B3 /* Debug */,
				9A32B20E2C635F1D00E902B3 /* Release */,
			);
			defaultConfigurationIsVisible = 0;
			defaultConfigurationName = Release;
		};
/* End XCConfigurationList section */
	};
	rootObject = 9A32B1F02C635F1B00E902B3 /* Project object */;
}
